
Microsoft Visual Studio Solution File, Format Version 12.00
# Visual Studio Version 17
VisualStudioVersion = 17.2.32616.157
MinimumVisualStudioVersion = 10.0.40219.1
Project("{8BC9CEB8-8B4A-11D0-8D11-00A0C91BC942}") = "lanchat", "lanchat\lanchat.vcxproj", "{F64EC3E8-98F2-4655-AAA1-4B6CB99626AE}"
EndProject
Global
	GlobalSection(SolutionConfigurationPlatforms) = preSolution
		Debug|x64 = Debug|x64
		Debug|x86 = Debug|x86
		Release|x64 = Release|x64
		Release|x86 = Release|x86
	EndGlobalSection
	GlobalSection(ProjectConfigurationPlatforms) = postSolution
		{F64EC3E8-98F2-4655-AAA1-4B6CB99626AE}.Debug|x64.ActiveCfg = Debug|x64
		{F64EC3E8-98F2-4655-AAA1-4B6CB99626AE}.Debug|x64.Build.0 = Debug|x64
		{F64EC3E8-98F2-4655-AAA1-4B6CB99626AE}.Debug|x86.ActiveCfg = Debug|Win32
		{F64EC3E8-98F2-4655-AAA1-4B6CB99626AE}.Debug|x86.Build.0 = Debug|Win32
		{F64EC3E8-98F2-4655-AAA1-4B6CB99626AE}.Release|x64.ActiveCfg = Release|x64
		{F64EC3E8-98F2-4655-AAA1-4B6CB99626AE}.Release|x64.Build.0 = Release|x64
		{F64EC3E8-98F2-4655-AAA1-4B6CB99626AE}.Release|x86.ActiveCfg = Release|Win32
		{F64EC3E8-98F2-4655-AAA1-4B6CB99626AE}.Release|x86.Build.0 = Release|Win32
	EndGlobalSection
	GlobalSection(SolutionProperties) = preSolution
		HideSolutionNode = FALSE
	EndGlobalSection
	GlobalSection(ExtensibilityGlobals) = postSolution
		SolutionGuid = {F5F6CD3F-8CFD-4F4E-BC2F-45D3FBDDB076}
	EndGlobalSection
EndGlobal
